{
  "originHash" : "7b550907ce5db81965caef70107c45838c3bf80246bda537f8b5341170af3365",
  "pins" : [
    {
      "identity" : "grdb.swift",
      "kind" : "remoteSourceControl",
      "location" : "https://github.com/groue/GRDB.swift.git",
      "state" : {
        "revision" : "c5d02eac3241dd980fa42e5644afd2e7e3f63401",
        "version" : "7.7.0"
      }
    },
    {
      "identity" : "sqlcipher.swift",
      "kind" : "remoteSourceControl",
      "location" : "https://github.com/sqlcipher/SQLCipher.swift.git",
      "state" : {
        "revision" : "247b042574b4838c7eefdb95d6a250a843dcf1ad",
        "version" : "4.11.0"
      }
    }
  ],
  "version" : 3
}
